
Microsoft Visual Studio Solution File, Format Version 12.00
# Visual Studio Version 17
VisualStudioVersion = 17.13.35828.75
MinimumVisualStudioVersion = 10.0.40219.1
Project("{FAE04EC0-301F-11D3-BF4B-00C04F79EFBC}") = "Principal22", "Principal22\Principal22.csproj", "{8AF7F85E-6A4B-436D-BB02-79405FF3E59C}"
EndProject
Project("{FAE04EC0-301F-11D3-BF4B-00C04F79EFBC}") = "Logica", "Logica\Logica.csproj", "{AB1634D4-A55E-4DF5-9E5C-72ED2A1737E7}"
EndProject
Project("{FAE04EC0-301F-11D3-BF4B-00C04F79EFBC}") = "Modelo", "Modelo\Modelo.csproj", "{D82D6812-69F2-4362-B01B-B9160A5E5E9E}"
EndProject
Global
	GlobalSection(SolutionConfigurationPlatforms) = preSolution
		Debug|Any CPU = Debug|Any CPU
		Release|Any CPU = Release|Any CPU
	EndGlobalSection
	GlobalSection(ProjectConfigurationPlatforms) = postSolution
		{8AF7F85E-6A4B-436D-BB02-79405FF3E59C}.Debug|Any CPU.ActiveCfg = Debug|Any CPU
		{8AF7F85E-6A4B-436D-BB02-79405FF3E59C}.Debug|Any CPU.Build.0 = Debug|Any CPU
		{8AF7F85E-6A4B-436D-BB02-79405FF3E59C}.Release|Any CPU.ActiveCfg = Release|Any CPU
		{8AF7F85E-6A4B-436D-BB02-79405FF3E59C}.Release|Any CPU.Build.0 = Release|Any CPU
		{AB1634D4-A55E-4DF5-9E5C-72ED2A1737E7}.Debug|Any CPU.ActiveCfg = Debug|Any CPU
		{AB1634D4-A55E-4DF5-9E5C-72ED2A1737E7}.Debug|Any CPU.Build.0 = Debug|Any CPU
		{AB1634D4-A55E-4DF5-9E5C-72ED2A1737E7}.Release|Any CPU.ActiveCfg = Release|Any CPU
		{AB1634D4-A55E-4DF5-9E5C-72ED2A1737E7}.Release|Any CPU.Build.0 = Release|Any CPU
		{D82D6812-69F2-4362-B01B-B9160A5E5E9E}.Debug|Any CPU.ActiveCfg = Debug|Any CPU
		{D82D6812-69F2-4362-B01B-B9160A5E5E9E}.Debug|Any CPU.Build.0 = Debug|Any CPU
		{D82D6812-69F2-4362-B01B-B9160A5E5E9E}.Release|Any CPU.ActiveCfg = Release|Any CPU
		{D82D6812-69F2-4362-B01B-B9160A5E5E9E}.Release|Any CPU.Build.0 = Release|Any CPU
	EndGlobalSection
	GlobalSection(SolutionProperties) = preSolution
		HideSolutionNode = FALSE
	EndGlobalSection
	GlobalSection(ExtensibilityGlobals) = postSolution
		SolutionGuid = {4DD2F55E-632F-456F-8807-34361A2093EE}
	EndGlobalSection
EndGlobal
